
Microsoft Visual Studio Solution File, Format Version 12.00
# Visual Studio Version 16
VisualStudioVersion = 16.0.30717.126
MinimumVisualStudioVersion = 10.0.40219.1
Project("{9A19103F-16F7-4668-BE54-9A1E7A4F7556}") = "jscript", "jscript\jscript.csproj", "{5E006D34-BB64-46C5-8CA3-022771F05ED8}"
EndProject
Global
	GlobalSection(SolutionConfigurationPlatforms) = preSolution
		Debug|Any CPU = Debug|Any CPU
		Release|Any CPU = Release|Any CPU
	EndGlobalSection
	GlobalSection(ProjectConfigurationPlatforms) = postSolution
		{5E006D34-BB64-46C5-8CA3-022771F05ED8}.Debug|Any CPU.ActiveCfg = Debug|Any CPU
		{5E006D34-BB64-46C5-8CA3-022771F05ED8}.Debug|Any CPU.Build.0 = Debug|Any CPU
		{5E006D34-BB64-46C5-8CA3-022771F05ED8}.Release|Any CPU.ActiveCfg = Release|Any CPU
		{5E006D34-BB64-46C5-8CA3-022771F05ED8}.Release|Any CPU.Build.0 = Release|Any CPU
	EndGlobalSection
	GlobalSection(SolutionProperties) = preSolution
		HideSolutionNode = FALSE
	EndGlobalSection
	GlobalSection(ExtensibilityGlobals) = postSolution
		SolutionGuid = {394CA1AF-EA47-4093-BFCA-7B3366EF3C54}
	EndGlobalSection
EndGlobal
