
Microsoft Visual Studio Solution File, Format Version 12.00
# Visual Studio Version 16
VisualStudioVersion = 16.0.30717.126
MinimumVisualStudioVersion = 10.0.40219.1
Project("{FAE04EC0-301F-11D3-BF4B-00C04F79EFBC}") = "Forms", "Forms\Forms.csproj", "{9236995D-49D0-4B54-B745-F6612B7A6FBA}"
EndProject
Global
	GlobalSection(SolutionConfigurationPlatforms) = preSolution
		Debug|Any CPU = Debug|Any CPU
		Release|Any CPU = Release|Any CPU
	EndGlobalSection
	GlobalSection(ProjectConfigurationPlatforms) = postSolution
		{9236995D-49D0-4B54-B745-F6612B7A6FBA}.Debug|Any CPU.ActiveCfg = Debug|Any CPU
		{9236995D-49D0-4B54-B745-F6612B7A6FBA}.Debug|Any CPU.Build.0 = Debug|Any CPU
		{9236995D-49D0-4B54-B745-F6612B7A6FBA}.Release|Any CPU.ActiveCfg = Release|Any CPU
		{9236995D-49D0-4B54-B745-F6612B7A6FBA}.Release|Any CPU.Build.0 = Release|Any CPU
	EndGlobalSection
	GlobalSection(SolutionProperties) = preSolution
		HideSolutionNode = FALSE
	EndGlobalSection
	GlobalSection(ExtensibilityGlobals) = postSolution
		SolutionGuid = {89004769-3E20-44E0-9170-AC9E9C9EC5B4}
	EndGlobalSection
EndGlobal
