
Microsoft Visual Studio Solution File, Format Version 12.00
# Visual Studio Version 16
VisualStudioVersion = 16.0.30717.126
MinimumVisualStudioVersion = 10.0.40219.1
Project("{9A19103F-16F7-4668-BE54-9A1E7A4F7556}") = "media", "media\media.csproj", "{39425A53-BE02-475F-913D-C59421398FE4}"
EndProject
Global
	GlobalSection(SolutionConfigurationPlatforms) = preSolution
		Debug|Any CPU = Debug|Any CPU
		Release|Any CPU = Release|Any CPU
	EndGlobalSection
	GlobalSection(ProjectConfigurationPlatforms) = postSolution
		{39425A53-BE02-475F-913D-C59421398FE4}.Debug|Any CPU.ActiveCfg = Debug|Any CPU
		{39425A53-BE02-475F-913D-C59421398FE4}.Debug|Any CPU.Build.0 = Debug|Any CPU
		{39425A53-BE02-475F-913D-C59421398FE4}.Release|Any CPU.ActiveCfg = Release|Any CPU
		{39425A53-BE02-475F-913D-C59421398FE4}.Release|Any CPU.Build.0 = Release|Any CPU
	EndGlobalSection
	GlobalSection(SolutionProperties) = preSolution
		HideSolutionNode = FALSE
	EndGlobalSection
	GlobalSection(ExtensibilityGlobals) = postSolution
		SolutionGuid = {89004769-3E20-44E0-9170-AC9E9C9EC5B4}
	EndGlobalSection
EndGlobal
