
Microsoft Visual Studio Solution File, Format Version 12.00
# Visual Studio Version 16
VisualStudioVersion = 16.0.30717.126
MinimumVisualStudioVersion = 10.0.40219.1
Project("{9A19103F-16F7-4668-BE54-9A1E7A4F7556}") = "Html5", "html5\Html5.csproj", "{B714A38A-7149-4323-9C0D-DDB5CA2DB43E}"
EndProject
Global
	GlobalSection(SolutionConfigurationPlatforms) = preSolution
		Debug|Any CPU = Debug|Any CPU
		Release|Any CPU = Release|Any CPU
	EndGlobalSection
	GlobalSection(ProjectConfigurationPlatforms) = postSolution
		{B714A38A-7149-4323-9C0D-DDB5CA2DB43E}.Debug|Any CPU.ActiveCfg = Debug|Any CPU
		{B714A38A-7149-4323-9C0D-DDB5CA2DB43E}.Debug|Any CPU.Build.0 = Debug|Any CPU
		{B714A38A-7149-4323-9C0D-DDB5CA2DB43E}.Release|Any CPU.ActiveCfg = Release|Any CPU
		{B714A38A-7149-4323-9C0D-DDB5CA2DB43E}.Release|Any CPU.Build.0 = Release|Any CPU
	EndGlobalSection
	GlobalSection(SolutionProperties) = preSolution
		HideSolutionNode = FALSE
	EndGlobalSection
	GlobalSection(ExtensibilityGlobals) = postSolution
		SolutionGuid = {394CA1AF-EA47-4093-BFCA-7B3366EF3C54}
	EndGlobalSection
EndGlobal
